
Microsoft Visual Studio Solution File, Format Version 12.00
# Visual Studio Version 16
VisualStudioVersion = 16.0.32228.343
MinimumVisualStudioVersion = 10.0.40219.1
Project("{FAE04EC0-301F-11D3-BF4B-00C04F79EFBC}") = "Beryllium", "Beryllium\Beryllium.csproj", "{CCC7B4E7-D1CC-422A-8DA2-24C5B7A0A106}"
EndProject
Global
	GlobalSection(SolutionConfigurationPlatforms) = preSolution
		Debug|Any CPU = Debug|Any CPU
		Release|Any CPU = Release|Any CPU
	EndGlobalSection
	GlobalSection(ProjectConfigurationPlatforms) = postSolution
		{CCC7B4E7-D1CC-422A-8DA2-24C5B7A0A106}.Debug|Any CPU.ActiveCfg = Debug|Any CPU
		{CCC7B4E7-D1CC-422A-8DA2-24C5B7A0A106}.Debug|Any CPU.Build.0 = Debug|Any CPU
		{CCC7B4E7-D1CC-422A-8DA2-24C5B7A0A106}.Release|Any CPU.ActiveCfg = Release|Any CPU
		{CCC7B4E7-D1CC-422A-8DA2-24C5B7A0A106}.Release|Any CPU.Build.0 = Release|Any CPU
	EndGlobalSection
	GlobalSection(SolutionProperties) = preSolution
		HideSolutionNode = FALSE
	EndGlobalSection
	GlobalSection(ExtensibilityGlobals) = postSolution
		SolutionGuid = {DD61EA38-FD48-4E1E-AF57-68D5129C5DEA}
	EndGlobalSection
EndGlobal
